{
  "name": "test-uniapp",
  "version": "1.0.0",
  "lockfileVersion": 1,
  "requires": true,
  "dependencies": {
    "@dcloudio/uni-ui": {
      "version": "1.2.1"
    },
    "animate.css": {
      "version": "4.1.0"
    },
    "charenc": {
      "version": "0.0.2",
      "resolved": "http://maven.xys12345.cn/repository/wlsj-npm-group/charenc/-/charenc-0.0.2.tgz",
      "integrity": "sha1-wKHS86cJLgN3S/qD8UwPxXkKhmc="
    },
    "commander": {
      "version": "5.1.0",
      "resolved": "http://maven.xys12345.cn/repository/wlsj-npm-group/commander/-/commander-5.1.0.tgz",
      "integrity": "sha1-Rqu9FlL44Fm92u+Zu9yyrZzxea4=",
      "dev": true
    },
    "crypt": {
      "version": "0.0.2",
      "resolved": "http://maven.xys12345.cn/repository/wlsj-npm-group/crypt/-/crypt-0.0.2.tgz",
      "integrity": "sha1-iNf/fsDfuG9xPch7u0LQRNPmxBs="
    },
    "dayjs": {
      "version": "1.8.27"
    },
    "decode-uri-component": {
      "version": "0.2.0",
      "resolved": "http://maven.xys12345.cn/repository/wlsj-npm-group/decode-uri-component/-/decode-uri-component-0.2.0.tgz",
      "integrity": "sha1-6zkTMzRYd1y4TNGh+uBiEGu4dUU="
    },
    "deepmerge": {
      "version": "4.2.2",
      "resolved": "http://maven.xys12345.cn/repository/wlsj-npm-group/deepmerge/-/deepmerge-4.2.2.tgz",
      "integrity": "sha1-RNLqNnm49NT/ujPwPYZfwee/SVU="
    },
    "dingtalk-jsapi": {
      "version": "2.10.3",
      "requires": {
        "promise-polyfill": "^7.1.0"
      }
    },
    "is-buffer": {
      "version": "1.1.6",
      "resolved": "http://maven.xys12345.cn/repository/wlsj-npm-group/is-buffer/-/is-buffer-1.1.6.tgz",
      "integrity": "sha1-76ouqdqg16suoTqXsritUf776L4="
    },
    "md5": {
      "version": "2.2.1",
      "requires": {
        "charenc": "~0.0.1",
        "crypt": "~0.0.1",
        "is-buffer": "~1.1.1"
      }
    },
    "mockjs": {
      "version": "1.1.0",
      "dev": true,
      "requires": {
        "commander": "*"
      }
    },
    "promise-polyfill": {
      "version": "7.1.2",
      "resolved": "http://maven.xys12345.cn/repository/wlsj-npm-group/promise-polyfill/-/promise-polyfill-7.1.2.tgz",
      "integrity": "sha1-qwUwHYwoU2MBYi1pInYyJppwyjs="
    },
    "query-string": {
      "version": "6.12.1",
      "requires": {
        "decode-uri-component": "^0.2.0",
        "split-on-first": "^1.0.0",
        "strict-uri-encode": "^2.0.0"
      }
    },
    "ramda": {
      "version": "0.27.0"
    },
    "shvl": {
      "version": "2.0.0",
      "resolved": "http://maven.xys12345.cn/repository/wlsj-npm-group/shvl/-/shvl-2.0.0.tgz",
      "integrity": "sha1-Vf1VC26Bv3V08vV2uLXB/6504Q8="
    },
    "split-on-first": {
      "version": "1.1.0",
      "resolved": "http://maven.xys12345.cn/repository/wlsj-npm-group/split-on-first/-/split-on-first-1.1.0.tgz",
      "integrity": "sha1-9hCv7uOxK84dDDBCXnY5i3gkml8="
    },
    "strict-uri-encode": {
      "version": "2.0.0",
      "resolved": "http://maven.xys12345.cn/repository/wlsj-npm-group/strict-uri-encode/-/strict-uri-encode-2.0.0.tgz",
      "integrity": "sha1-ucczDHBChi9rFC3CdLvMWGbONUY="
    },
    "validator": {
      "version": "13.0.0"
    },
    "vuex-persistedstate": {
      "version": "2.7.1",
      "requires": {
        "deepmerge": "^4.2.2",
        "shvl": "^2.0.0"
      }
    },
    "weixin-js-sdk": {
      "version": "1.6.0",
      "resolved": "http://maven.xys12345.cn/repository/wlsj-npm-group/weixin-js-sdk/-/weixin-js-sdk-1.6.0.tgz",
      "integrity": "sha1-/1BITYEYzhII8RJIz0ocCDFXdRQ="
    },
    "zh-uni-request": {
      "version": "1.0.2"
    }
  }
}
