# THIS IS AN AUTOGENERATED FILE. DO NOT EDIT THIS FILE DIRECTLY.
# yarn lockfile v1


"@dcloudio/uni-ui@^1.1.3":
  version "1.2.1"
  resolved "https://registry.npm.taobao.org/@dcloudio/uni-ui/download/@dcloudio/uni-ui-1.2.1.tgz#ef587ecf65312bc88fc6474384520ddedbe8a7e6"
  integrity sha1-71h+z2UxK8iPxkdDhFIN3tvop+Y=

animate.css@^4.1.0:
  version "4.1.0"
  resolved "https://registry.npm.taobao.org/animate.css/download/animate.css-4.1.0.tgz#dec2aabe4babfc6f6777f9a5cccd132838729b50"
  integrity sha1-3sKqvkur/G9nd/mlzM0TKDhym1A=

charenc@~0.0.1:
  version "0.0.2"
  resolved "https://registry.npm.taobao.org/charenc/download/charenc-0.0.2.tgz#c0a1d2f3a7092e03774bfa83f14c0fc5790a8667"
  integrity sha1-wKHS86cJLgN3S/qD8UwPxXkKhmc=

commander@*:
  version "5.1.0"
  resolved "https://registry.npm.taobao.org/commander/download/commander-5.1.0.tgz#46abbd1652f8e059bddaef99bbdcb2ad9cf179ae"
  integrity sha1-Rqu9FlL44Fm92u+Zu9yyrZzxea4=

crypt@~0.0.1:
  version "0.0.2"
  resolved "https://registry.npm.taobao.org/crypt/download/crypt-0.0.2.tgz#88d7ff7ec0dfb86f713dc87bbb42d044d3e6c41b"
  integrity sha1-iNf/fsDfuG9xPch7u0LQRNPmxBs=

dayjs@^1.8.17:
  version "1.8.27"
  resolved "https://registry.npm.taobao.org/dayjs/download/dayjs-1.8.27.tgz#a8ae63ee990af28c05c430f0e160ae835a0fbbf8"
  integrity sha1-qK5j7pkK8owFxDDw4WCug1oPu/g=

decode-uri-component@^0.2.0:
  version "0.2.0"
  resolved "https://registry.npm.taobao.org/decode-uri-component/download/decode-uri-component-0.2.0.tgz#eb3913333458775cb84cd1a1fae062106bb87545"
  integrity sha1-6zkTMzRYd1y4TNGh+uBiEGu4dUU=

deepmerge@^4.2.2:
  version "4.2.2"
  resolved "https://registry.npm.taobao.org/deepmerge/download/deepmerge-4.2.2.tgz?cache=0&sync_timestamp=1572279720382&other_urls=https%3A%2F%2Fregistry.npm.taobao.org%2Fdeepmerge%2Fdownload%2Fdeepmerge-4.2.2.tgz#44d2ea3679b8f4d4ffba33f03d865fc1e7bf4955"
  integrity sha1-RNLqNnm49NT/ujPwPYZfwee/SVU=

dingtalk-jsapi@^2.10.3:
  version "2.10.3"
  resolved "https://registry.npm.taobao.org/dingtalk-jsapi/download/dingtalk-jsapi-2.10.3.tgz#ade5c2f858f4ac41143d294ae172b34efaeb95e2"
  integrity sha1-reXC+Fj0rEEUPSlK4XKzTvrrleI=
  dependencies:
    promise-polyfill "^7.1.0"

is-buffer@~1.1.1:
  version "1.1.6"
  resolved "https://registry.npm.taobao.org/is-buffer/download/is-buffer-1.1.6.tgz#efaa2ea9daa0d7ab2ea13a97b2b8ad51fefbe8be"
  integrity sha1-76ouqdqg16suoTqXsritUf776L4=

md5@^2.2.1:
  version "2.2.1"
  resolved "https://registry.npm.taobao.org/md5/download/md5-2.2.1.tgz#53ab38d5fe3c8891ba465329ea23fac0540126f9"
  integrity sha1-U6s41f48iJG6RlMp6iP6wFQBJvk=
  dependencies:
    charenc "~0.0.1"
    crypt "~0.0.1"
    is-buffer "~1.1.1"

mockjs@^1.1.0:
  version "1.1.0"
  resolved "https://registry.npm.taobao.org/mockjs/download/mockjs-1.1.0.tgz#e6a0c378e91906dbaff20911cc0273b3c7d75b06"
  integrity sha1-5qDDeOkZBtuv8gkRzAJzs8fXWwY=
  dependencies:
    commander "*"

promise-polyfill@^7.1.0:
  version "7.1.2"
  resolved "https://registry.npm.taobao.org/promise-polyfill/download/promise-polyfill-7.1.2.tgz#ab05301d8c28536301622d69227632269a70ca3b"
  integrity sha1-qwUwHYwoU2MBYi1pInYyJppwyjs=

query-string@^6.9.0:
  version "6.12.1"
  resolved "https://registry.npm.taobao.org/query-string/download/query-string-6.12.1.tgz#2ae4d272db4fba267141665374e49a1de09e8a7c"
  integrity sha1-KuTScttPuiZxQWZTdOSaHeCeinw=
  dependencies:
    decode-uri-component "^0.2.0"
    split-on-first "^1.0.0"
    strict-uri-encode "^2.0.0"

ramda@^0.27.0:
  version "0.27.0"
  resolved "https://registry.npm.taobao.org/ramda/download/ramda-0.27.0.tgz?cache=0&other_urls=https%3A%2F%2Fregistry.npm.taobao.org%2Framda%2Fdownload%2Framda-0.27.0.tgz#915dc29865c0800bf3f69b8fd6c279898b59de43"
  integrity sha1-kV3CmGXAgAvz9puP1sJ5iYtZ3kM=

shvl@^2.0.0:
  version "2.0.0"
  resolved "https://registry.npm.taobao.org/shvl/download/shvl-2.0.0.tgz#55fd550b6e81bf7574f2f576b8b5c1ffae74e10f"
  integrity sha1-Vf1VC26Bv3V08vV2uLXB/6504Q8=

split-on-first@^1.0.0:
  version "1.1.0"
  resolved "https://registry.npm.taobao.org/split-on-first/download/split-on-first-1.1.0.tgz#f610afeee3b12bce1d0c30425e76398b78249a5f"
  integrity sha1-9hCv7uOxK84dDDBCXnY5i3gkml8=

strict-uri-encode@^2.0.0:
  version "2.0.0"
  resolved "https://registry.npm.taobao.org/strict-uri-encode/download/strict-uri-encode-2.0.0.tgz#b9c7330c7042862f6b142dc274bbcc5866ce3546"
  integrity sha1-ucczDHBChi9rFC3CdLvMWGbONUY=

validator@^13.0.0:
  version "13.0.0"
  resolved "https://registry.npm.taobao.org/validator/download/validator-13.0.0.tgz#0fb6c6bb5218ea23d368a8347e6d0f5a70e3bcab"
  integrity sha1-D7bGu1IY6iPTaKg0fm0PWnDjvKs=

vuex-persistedstate@^2.7.0:
  version "2.7.1"
  resolved "https://registry.npm.taobao.org/vuex-persistedstate/download/vuex-persistedstate-2.7.1.tgz#25ced829ea5789a2ed7d71a1ba057eb01a5235ad"
  integrity sha1-Jc7YKepXiaLtfXGhugV+sBpSNa0=
  dependencies:
    deepmerge "^4.2.2"
    shvl "^2.0.0"

weixin-js-sdk@^1.6.0:
  version "1.6.0"
  resolved "http://maven.xys12345.cn/repository/wlsj-npm-group/weixin-js-sdk/-/weixin-js-sdk-1.6.0.tgz#ff50484d8118ce1208f11248cf4a1c0831577514"
  integrity sha1-/1BITYEYzhII8RJIz0ocCDFXdRQ=

zh-uni-request@^1.0.2:
  version "1.0.2"
  resolved "http://maven.xys12345.cn/repository/wlsj-npm-group/zh-uni-request/-/zh-uni-request-1.0.2.tgz#1ad91ed79d0a6a671f1338885889df6f5342d944"
  integrity sha512-mXOcyTr93jKCkCga4a9N0KcBGdxk1iw/sl8FWRr2f5FwlzFkbb+2lejSkmDYXmKjqwo84kB0tBVrXZfXod2WFA==
